
Microsoft Visual Studio Solution File, Format Version 12.00
# Visual Studio Version 16
VisualStudioVersion = 16.0.31729.503
MinimumVisualStudioVersion = 10.0.40219.1
Project("{FAE04EC0-301F-11D3-BF4B-00C04F79EFBC}") = "AppProvaLogicProg-Exerc-05", "AppProvaLogicProg-Exerc-05.csproj", "{ADD797B4-2BCB-4002-931B-C7356173793B}"
EndProject
Global
	GlobalSection(SolutionConfigurationPlatforms) = preSolution
		Debug|Any CPU = Debug|Any CPU
		Release|Any CPU = Release|Any CPU
	EndGlobalSection
	GlobalSection(ProjectConfigurationPlatforms) = postSolution
		{ADD797B4-2BCB-4002-931B-C7356173793B}.Debug|Any CPU.ActiveCfg = Debug|Any CPU
		{ADD797B4-2BCB-4002-931B-C7356173793B}.Debug|Any CPU.Build.0 = Debug|Any CPU
		{ADD797B4-2BCB-4002-931B-C7356173793B}.Release|Any CPU.ActiveCfg = Release|Any CPU
		{ADD797B4-2BCB-4002-931B-C7356173793B}.Release|Any CPU.Build.0 = Release|Any CPU
	EndGlobalSection
	GlobalSection(SolutionProperties) = preSolution
		HideSolutionNode = FALSE
	EndGlobalSection
	GlobalSection(ExtensibilityGlobals) = postSolution
		SolutionGuid = {D63376CB-A14A-4DC2-8BDB-359F734F6872}
	EndGlobalSection
EndGlobal
